
Microsoft Visual Studio Solution File, Format Version 12.00
# Visual Studio 15
VisualStudioVersion = 15.0.28010.2026
MinimumVisualStudioVersion = 10.0.40219.1
Project("{FAE04EC0-301F-11D3-BF4B-00C04F79EFBC}") = "Pong_test", "Pong_test\Pong_test.csproj", "{F3043D0D-8093-416E-B3E2-98F95A871A71}"
EndProject
Global
	GlobalSection(SolutionConfigurationPlatforms) = preSolution
		Debug|Any CPU = Debug|Any CPU
		Release|Any CPU = Release|Any CPU
	EndGlobalSection
	GlobalSection(ProjectConfigurationPlatforms) = postSolution
		{F3043D0D-8093-416E-B3E2-98F95A871A71}.Debug|Any CPU.ActiveCfg = Debug|Any CPU
		{F3043D0D-8093-416E-B3E2-98F95A871A71}.Debug|Any CPU.Build.0 = Debug|Any CPU
		{F3043D0D-8093-416E-B3E2-98F95A871A71}.Release|Any CPU.ActiveCfg = Release|Any CPU
		{F3043D0D-8093-416E-B3E2-98F95A871A71}.Release|Any CPU.Build.0 = Release|Any CPU
	EndGlobalSection
	GlobalSection(SolutionProperties) = preSolution
		HideSolutionNode = FALSE
	EndGlobalSection
	GlobalSection(ExtensibilityGlobals) = postSolution
		SolutionGuid = {4626F2F5-B975-4956-A4C6-C185815D9FB5}
	EndGlobalSection
EndGlobal
