
Microsoft Visual Studio Solution File, Format Version 12.00
# Visual Studio 15
VisualStudioVersion = 15.0.28010.2019
MinimumVisualStudioVersion = 10.0.40219.1
Project("{FAE04EC0-301F-11D3-BF4B-00C04F79EFBC}") = "movingbox", "movingbox\movingbox.csproj", "{2E5E1DE1-D109-4907-8B43-C2A27A8B8E45}"
EndProject
Global
	GlobalSection(SolutionConfigurationPlatforms) = preSolution
		Debug|Any CPU = Debug|Any CPU
		Release|Any CPU = Release|Any CPU
	EndGlobalSection
	GlobalSection(ProjectConfigurationPlatforms) = postSolution
		{2E5E1DE1-D109-4907-8B43-C2A27A8B8E45}.Debug|Any CPU.ActiveCfg = Debug|Any CPU
		{2E5E1DE1-D109-4907-8B43-C2A27A8B8E45}.Debug|Any CPU.Build.0 = Debug|Any CPU
		{2E5E1DE1-D109-4907-8B43-C2A27A8B8E45}.Release|Any CPU.ActiveCfg = Release|Any CPU
		{2E5E1DE1-D109-4907-8B43-C2A27A8B8E45}.Release|Any CPU.Build.0 = Release|Any CPU
	EndGlobalSection
	GlobalSection(SolutionProperties) = preSolution
		HideSolutionNode = FALSE
	EndGlobalSection
	GlobalSection(ExtensibilityGlobals) = postSolution
		SolutionGuid = {4E470E2B-DD0C-4C15-A804-B9923830C0ED}
	EndGlobalSection
EndGlobal
